
Microsoft Visual Studio Solution File, Format Version 12.00
# Visual Studio Version 16
VisualStudioVersion = 16.0.30309.148
MinimumVisualStudioVersion = 10.0.40219.1
Project("{FAE04EC0-301F-11D3-BF4B-00C04F79EFBC}") = "Channelstatics", "Channelstatics\Channelstatics.csproj", "{77E3A0A9-161B-4015-9572-7B433565A1FE}"
EndProject
Project("{FAE04EC0-301F-11D3-BF4B-00C04F79EFBC}") = "Core", "Core\Core.csproj", "{D136A1F1-4531-40AF-876D-6303607429AB}"
EndProject
Global
	GlobalSection(SolutionConfigurationPlatforms) = preSolution
		Debug|Any CPU = Debug|Any CPU
		Release|Any CPU = Release|Any CPU
	EndGlobalSection
	GlobalSection(ProjectConfigurationPlatforms) = postSolution
		{77E3A0A9-161B-4015-9572-7B433565A1FE}.Debug|Any CPU.ActiveCfg = Debug|Any CPU
		{77E3A0A9-161B-4015-9572-7B433565A1FE}.Debug|Any CPU.Build.0 = Debug|Any CPU
		{77E3A0A9-161B-4015-9572-7B433565A1FE}.Release|Any CPU.ActiveCfg = Release|Any CPU
		{77E3A0A9-161B-4015-9572-7B433565A1FE}.Release|Any CPU.Build.0 = Release|Any CPU
		{D136A1F1-4531-40AF-876D-6303607429AB}.Debug|Any CPU.ActiveCfg = Debug|Any CPU
		{D136A1F1-4531-40AF-876D-6303607429AB}.Debug|Any CPU.Build.0 = Debug|Any CPU
		{D136A1F1-4531-40AF-876D-6303607429AB}.Release|Any CPU.ActiveCfg = Release|Any CPU
		{D136A1F1-4531-40AF-876D-6303607429AB}.Release|Any CPU.Build.0 = Release|Any CPU
	EndGlobalSection
	GlobalSection(SolutionProperties) = preSolution
		HideSolutionNode = FALSE
	EndGlobalSection
	GlobalSection(ExtensibilityGlobals) = postSolution
		SolutionGuid = {7A227F00-9730-4FAB-8312-7CF3B9B51560}
	EndGlobalSection
EndGlobal
